{
  "name": "Portfolio",
  "lockfileVersion": 3,
  "requires": true,
  "packages": {
    "": {
      "dependencies": {
        "@materializecss/materialize": "^2.2.2"
      }
    },
    "node_modules/@materializecss/materialize": {
      "version": "2.2.2",
      "resolved": "https://registry.npmjs.org/@materializecss/materialize/-/materialize-2.2.2.tgz",
      "integrity": "sha512-9po513r3T7LPEIzVR9W8Xz+iPmMmdf92M7+vLLS+L8n1Z0baidpH74adj4X9a+PEzhtd7NFeCvJSyTBtkojuVw==",
      "funding": [
        {
          "type": "github",
          "url": "https://github.com/sponsors/materializecss"
        },
        {
          "type": "opencollective",
          "url": "https://opencollective.com/materialize"
        }
      ],
      "license": "MIT"
    }
  }
}
